
Microsoft Visual Studio Solution File, Format Version 12.00
# Visual Studio 2012
Project("{FAE04EC0-301F-11D3-BF4B-00C04F79EFBC}") = "TelmexPR", "TelmexPR\TelmexPR.csproj", "{3930568B-D428-447A-AFDB-A519D5807C71}"
EndProject
Project("{FAE04EC0-301F-11D3-BF4B-00C04F79EFBC}") = "Datos", "Datos\Datos.csproj", "{457A20BF-2EF9-4C3E-A350-A65D53ED3261}"
EndProject
Project("{FAE04EC0-301F-11D3-BF4B-00C04F79EFBC}") = "Logica", "Logica\Logica.csproj", "{76E4767E-1339-4CD4-A303-EF4DF51E0CFE}"
EndProject
Global
	GlobalSection(SolutionConfigurationPlatforms) = preSolution
		Debug|Any CPU = Debug|Any CPU
		Release|Any CPU = Release|Any CPU
	EndGlobalSection
	GlobalSection(ProjectConfigurationPlatforms) = postSolution
		{3930568B-D428-447A-AFDB-A519D5807C71}.Debug|Any CPU.ActiveCfg = Debug|Any CPU
		{3930568B-D428-447A-AFDB-A519D5807C71}.Debug|Any CPU.Build.0 = Debug|Any CPU
		{3930568B-D428-447A-AFDB-A519D5807C71}.Release|Any CPU.ActiveCfg = Release|Any CPU
		{3930568B-D428-447A-AFDB-A519D5807C71}.Release|Any CPU.Build.0 = Release|Any CPU
		{457A20BF-2EF9-4C3E-A350-A65D53ED3261}.Debug|Any CPU.ActiveCfg = Debug|Any CPU
		{457A20BF-2EF9-4C3E-A350-A65D53ED3261}.Debug|Any CPU.Build.0 = Debug|Any CPU
		{457A20BF-2EF9-4C3E-A350-A65D53ED3261}.Release|Any CPU.ActiveCfg = Release|Any CPU
		{457A20BF-2EF9-4C3E-A350-A65D53ED3261}.Release|Any CPU.Build.0 = Release|Any CPU
		{76E4767E-1339-4CD4-A303-EF4DF51E0CFE}.Debug|Any CPU.ActiveCfg = Debug|Any CPU
		{76E4767E-1339-4CD4-A303-EF4DF51E0CFE}.Debug|Any CPU.Build.0 = Debug|Any CPU
		{76E4767E-1339-4CD4-A303-EF4DF51E0CFE}.Release|Any CPU.ActiveCfg = Release|Any CPU
		{76E4767E-1339-4CD4-A303-EF4DF51E0CFE}.Release|Any CPU.Build.0 = Release|Any CPU
	EndGlobalSection
	GlobalSection(SolutionProperties) = preSolution
		HideSolutionNode = FALSE
	EndGlobalSection
EndGlobal
